
Microsoft Visual Studio Solution File, Format Version 12.00
# Visual Studio Version 16
VisualStudioVersion = 16.0.30225.117
MinimumVisualStudioVersion = 10.0.40219.1
Project("{FAE04EC0-301F-11D3-BF4B-00C04F79EFBC}") = "DesignPatternFacade_Training", "DesignPatternFacade_Training\DesignPatternFacade_Training.csproj", "{6045BD35-D47C-4D05-AB88-9F6E89EBDB65}"
EndProject
Project("{FAE04EC0-301F-11D3-BF4B-00C04F79EFBC}") = "PersonneWorker", "PersonneWorker\PersonneWorker.csproj", "{8850F02D-5C5F-45B3-B89C-88A026CB70C5}"
EndProject
Global
	GlobalSection(SolutionConfigurationPlatforms) = preSolution
		Debug|Any CPU = Debug|Any CPU
		Release|Any CPU = Release|Any CPU
	EndGlobalSection
	GlobalSection(ProjectConfigurationPlatforms) = postSolution
		{6045BD35-D47C-4D05-AB88-9F6E89EBDB65}.Debug|Any CPU.ActiveCfg = Debug|Any CPU
		{6045BD35-D47C-4D05-AB88-9F6E89EBDB65}.Debug|Any CPU.Build.0 = Debug|Any CPU
		{6045BD35-D47C-4D05-AB88-9F6E89EBDB65}.Release|Any CPU.ActiveCfg = Release|Any CPU
		{6045BD35-D47C-4D05-AB88-9F6E89EBDB65}.Release|Any CPU.Build.0 = Release|Any CPU
		{8850F02D-5C5F-45B3-B89C-88A026CB70C5}.Debug|Any CPU.ActiveCfg = Debug|Any CPU
		{8850F02D-5C5F-45B3-B89C-88A026CB70C5}.Debug|Any CPU.Build.0 = Debug|Any CPU
		{8850F02D-5C5F-45B3-B89C-88A026CB70C5}.Release|Any CPU.ActiveCfg = Release|Any CPU
		{8850F02D-5C5F-45B3-B89C-88A026CB70C5}.Release|Any CPU.Build.0 = Release|Any CPU
	EndGlobalSection
	GlobalSection(SolutionProperties) = preSolution
		HideSolutionNode = FALSE
	EndGlobalSection
	GlobalSection(ExtensibilityGlobals) = postSolution
		SolutionGuid = {3AD7E6AE-3C0C-458F-8335-19DEC40A8E9D}
	EndGlobalSection
EndGlobal
